PODS:
  - AProject (5):
    - BProject_Category
    - Masonry
  - AProject_Category (7):
    - CTMediator
  - BProject (4):
    - Masonry
  - BProject_Category (4):
    - CTMediator
  - CTMediator (25)
  - Masonry (1.1.0)

DEPENDENCIES:
  - AProject
  - AProject_Category
  - BProject

SPEC REPOS:
  https://github.com/cocoapods/specs.git:
    - CTMediator
    - Masonry
  https://github.com/RayCTMediator/RayPrivatePods.git:
    - AProject
    - AProject_Category
    - BProject
    - BProject_Category

SPEC CHECKSUMS:
  AProject: 78fe8f1c9078eba2683788a5ca0662b47b826ca5
  AProject_Category: be22ae84456fb48690f3f0e6575044e5fd6ec71e
  BProject: ef62b74fe12791c986375039656049910bc35b03
  BProject_Category: 288cb1582d4915afc7a7a0a9ab9e1839dbfca573
  CTMediator: 830c1fc204b3a6abf2a059510c7380f56343da0f
  Masonry: 678fab65091a9290e40e2832a55e7ab731aad201

PODFILE CHECKSUM: 6d14763514d81e28e7d5caf2a99d5158e5c3c972

COCOAPODS: 1.7.3
