PODS:
  - AProject (6):
    - BProject_Category
    - Masonry
  - AProject_Category (10):
    - CTMediator
  - BProject (4):
    - Masonry
  - BProject_Category (6):
    - CTMediator
  - CTMediator (32)
  - Masonry (1.1.0)

DEPENDENCIES:
  - AProject (from `../AProject`)
  - AProject_Category (from `../AProject_Category`)
  - BProject (from `../BProject`)
  - BProject_Category (from `../BProject_Category`)

SPEC REPOS:
  https://github.com/CocoaPods/Specs.git:
    - CTMediator
    - Masonry

EXTERNAL SOURCES:
  AProject:
    :path: "../AProject"
  AProject_Category:
    :path: "../AProject_Category"
  BProject:
    :path: "../BProject"
  BProject_Category:
    :path: "../BProject_Category"

SPEC CHECKSUMS:
  AProject: e7c7ce6f695fdc3933a6ca5d62ee0876794436c0
  AProject_Category: 5cd7593e1fa0b48fc5c485a6076e03608963dcbc
  BProject: 6f34f2ea9596383698d571b30a1098e1fc777dab
  BProject_Category: 0198e2e691c90fae36f68adc20acec4ded666709
  CTMediator: 10f2c387be0ab2061b75b88c86f9903eedba1ce8
  Masonry: 678fab65091a9290e40e2832a55e7ab731aad201

PODFILE CHECKSUM: ad827dcbb6289a6ceb14d19f5361a8f8a107bee7

COCOAPODS: 1.9.1
